
Microsoft Visual Studio Solution File, Format Version 12.00
# Visual Studio Version 17
VisualStudioVersion = 17.7.34031.279
MinimumVisualStudioVersion = 10.0.40219.1
Project("{FAE04EC0-301F-11D3-BF4B-00C04F79EFBC}") = "BinaryTree", "BinaryTree\BinaryTree.csproj", "{2513827D-53EC-41C7-9EFD-668D39141B6B}"
EndProject
Project("{FAE04EC0-301F-11D3-BF4B-00C04F79EFBC}") = "TestMyTree", "TestMyTree\TestMyTree.csproj", "{A053A17A-E9A8-4D63-BC2E-392006EA10E4}"
EndProject
Global
	GlobalSection(SolutionConfigurationPlatforms) = preSolution
		Debug|Any CPU = Debug|Any CPU
		Release|Any CPU = Release|Any CPU
	EndGlobalSection
	GlobalSection(ProjectConfigurationPlatforms) = postSolution
		{2513827D-53EC-41C7-9EFD-668D39141B6B}.Debug|Any CPU.ActiveCfg = Debug|Any CPU
		{2513827D-53EC-41C7-9EFD-668D39141B6B}.Debug|Any CPU.Build.0 = Debug|Any CPU
		{2513827D-53EC-41C7-9EFD-668D39141B6B}.Release|Any CPU.ActiveCfg = Release|Any CPU
		{2513827D-53EC-41C7-9EFD-668D39141B6B}.Release|Any CPU.Build.0 = Release|Any CPU
		{A053A17A-E9A8-4D63-BC2E-392006EA10E4}.Debug|Any CPU.ActiveCfg = Debug|Any CPU
		{A053A17A-E9A8-4D63-BC2E-392006EA10E4}.Debug|Any CPU.Build.0 = Debug|Any CPU
		{A053A17A-E9A8-4D63-BC2E-392006EA10E4}.Release|Any CPU.ActiveCfg = Release|Any CPU
		{A053A17A-E9A8-4D63-BC2E-392006EA10E4}.Release|Any CPU.Build.0 = Release|Any CPU
	EndGlobalSection
	GlobalSection(SolutionProperties) = preSolution
		HideSolutionNode = FALSE
	EndGlobalSection
	GlobalSection(ExtensibilityGlobals) = postSolution
		SolutionGuid = {AC5A8A20-B164-4E93-8007-08097AAFA23E}
	EndGlobalSection
EndGlobal
